
Microsoft Visual Studio Solution File, Format Version 12.00
# Visual Studio Version 17
VisualStudioVersion = 17.3.32929.385
MinimumVisualStudioVersion = 10.0.40219.1
Project("{FAE04EC0-301F-11D3-BF4B-00C04F79EFBC}") = "HouseBills", "HouseBills\HouseBills.csproj", "{C270B709-755E-4719-97DD-90406CBAEEF5}"
EndProject
Project("{FAE04EC0-301F-11D3-BF4B-00C04F79EFBC}") = "HouseBills.Database", "HouseBills.Database\HouseBills.Database.csproj", "{2D613E26-EEC1-494F-A04C-E3DC95293DD1}"
EndProject
Project("{FAE04EC0-301F-11D3-BF4B-00C04F79EFBC}") = "HouseBills.Services", "HouseBills.Services\HouseBills.Services.csproj", "{0B9224BC-CF6E-495E-AC41-12A5C3E7181D}"
EndProject
Global
	GlobalSection(SolutionConfigurationPlatforms) = preSolution
		Debug|Any CPU = Debug|Any CPU
		Release|Any CPU = Release|Any CPU
	EndGlobalSection
	GlobalSection(ProjectConfigurationPlatforms) = postSolution
		{C270B709-755E-4719-97DD-90406CBAEEF5}.Debug|Any CPU.ActiveCfg = Debug|Any CPU
		{C270B709-755E-4719-97DD-90406CBAEEF5}.Debug|Any CPU.Build.0 = Debug|Any CPU
		{C270B709-755E-4719-97DD-90406CBAEEF5}.Release|Any CPU.ActiveCfg = Release|Any CPU
		{C270B709-755E-4719-97DD-90406CBAEEF5}.Release|Any CPU.Build.0 = Release|Any CPU
		{2D613E26-EEC1-494F-A04C-E3DC95293DD1}.Debug|Any CPU.ActiveCfg = Debug|Any CPU
		{2D613E26-EEC1-494F-A04C-E3DC95293DD1}.Debug|Any CPU.Build.0 = Debug|Any CPU
		{2D613E26-EEC1-494F-A04C-E3DC95293DD1}.Release|Any CPU.ActiveCfg = Release|Any CPU
		{2D613E26-EEC1-494F-A04C-E3DC95293DD1}.Release|Any CPU.Build.0 = Release|Any CPU
		{0B9224BC-CF6E-495E-AC41-12A5C3E7181D}.Debug|Any CPU.ActiveCfg = Debug|Any CPU
		{0B9224BC-CF6E-495E-AC41-12A5C3E7181D}.Debug|Any CPU.Build.0 = Debug|Any CPU
		{0B9224BC-CF6E-495E-AC41-12A5C3E7181D}.Release|Any CPU.ActiveCfg = Release|Any CPU
		{0B9224BC-CF6E-495E-AC41-12A5C3E7181D}.Release|Any CPU.Build.0 = Release|Any CPU
	EndGlobalSection
	GlobalSection(SolutionProperties) = preSolution
		HideSolutionNode = FALSE
	EndGlobalSection
	GlobalSection(ExtensibilityGlobals) = postSolution
		SolutionGuid = {F8CB477C-2502-404B-96BF-78F8851BDC2B}
	EndGlobalSection
EndGlobal
